// !$*UTF8*$!
{
	archiveVersion = 1;
	classes = {
	};
	objectVersion = 56;
	objects = {

/* Begin PBXBuildFile section */
		82B11FAD2C00CEE000AA312D /* DolphInsightApp.swift in Sources */ = {isa = PBXBuildFile; fileRef = 82B11FAC2C00CEE000AA312D /* DolphInsightApp.swift */; };
		82B11FAF2C00CEE000AA312D /* ContentView.swift in Sources */ = {isa = PBXBuildFile; fileRef = 82B11FAE2C00CEE000AA312D /* ContentView.swift */; };
		82B11FB12C00CEE200AA312D /* Assets.xcassets in Resources */ = {isa = PBXBuildFile; fileRef = 82B11FB02C00CEE200AA312D /* Assets.xcassets */; };
		82B11FB42C00CEE200AA312D /* Preview Assets.xcassets in Resources */ = {isa = PBXBuildFile; fileRef = 82B11FB32C00CEE200AA312D /* Preview Assets.xcassets */; };
		82B11FBE2C00CEE200AA312D /* DolphInsightTests.swift in Sources */ = {isa = PBXBuildFile; fileRef = 82B11FBD2C00CEE200AA312D /* DolphInsightTests.swift */; };
		82B11FC82C00CEE200AA312D /* DolphInsightUITests.swift in Sources */ = {isa = PBXBuildFile; fileRef = 82B11FC72C00CEE200AA312D /* DolphInsightUITests.swift */; };
		82B11FCA2C00CEE200AA312D /* DolphInsightUITestsLaunchTests.swift in Sources */ = {isa = PBXBuildFile; fileRef = 82B11FC92C00CEE200AA312D /* DolphInsightUITestsLaunchTests.swift */; };
		82B11FFB2C03206600AA312D /* goalsDataScientist.mlmodel in Sources */ = {isa = PBXBuildFile; fileRef = 82B11FF82C03206600AA312D /* goalsDataScientist.mlmodel */; };
		82B11FFC2C03206600AA312D /* goalsSoftwareEngineer.mlmodel in Sources */ = {isa = PBXBuildFile; fileRef = 82B11FF92C03206600AA312D /* goalsSoftwareEngineer.mlmodel */; };
		82B11FFD2C03206600AA312D /* modeltaggerml.mlmodel in Sources */ = {isa = PBXBuildFile; fileRef = 82B11FFA2C03206600AA312D /* modeltaggerml.mlmodel */; };
		82B11FFF2C03207600AA312D /* CoreMLNavigation.swift in Sources */ = {isa = PBXBuildFile; fileRef = 82B11FFE2C03207600AA312D /* CoreMLNavigation.swift */; };
/* End PBXBuildFile section */

/* Begin PBXContainerItemProxy section */
		82B11FBA2C00CEE200AA312D /* PBXContainerItemProxy */ = {
			isa = PBXContainerItemProxy;
			containerPortal = 82B11FA12C00CEE000AA312D /* Project object */;
			proxyType = 1;
			remoteGlobalIDString = 82B11FA82C00CEE000AA312D;
			remoteInfo = DolphInsight;
		};
		82B11FC42C00CEE200AA312D /* PBXContainerItemProxy */ = {
			isa = PBXContainerItemProxy;
			containerPortal = 82B11FA12C00CEE000AA312D /* Project object */;
			proxyType = 1;
			remoteGlobalIDString = 82B11FA82C00CEE000AA312D;
			remoteInfo = DolphInsight;
		};
/* End PBXContainerItemProxy section */

/* Begin PBXFileReference section */
		82B11FA92C00CEE000AA312D /* DolphInsight.app */ = {isa = PBXFileReference; explicitFileType = wrapper.application; includeInIndex = 0; path = DolphInsight.app; sourceTree = BUILT_PRODUCTS_DIR; };
		82B11FAC2C00CEE000AA312D /* DolphInsightApp.swift */ = {isa = PBXFileReference; lastKnownFileType = sourcecode.swift; path = DolphInsightApp.swift; sourceTree = "<group>"; };
		82B11FAE2C00CEE000AA312D /* ContentView.swift */ = {isa = PBXFileReference; lastKnownFileType = sourcecode.swift; path = ContentView.swift; sourceTree = "<group>"; };
		82B11FB02C00CEE200AA312D /* Assets.xcassets */ = {isa = PBXFileReference; lastKnownFileType = folder.assetcatalog; path = Assets.xcassets; sourceTree = "<group>"; };
		82B11FB32C00CEE200AA312D /* Preview Assets.xcassets */ = {isa = PBXFileReference; lastKnownFileType = folder.assetcatalog; path = "Preview Assets.xcassets"; sourceTree = "<group>"; };
		82B11FB92C00CEE200AA312D /* DolphInsightTests.xctest */ = {isa = PBXFileReference; explicitFileType = wrapper.cfbundle; includeInIndex = 0; path = DolphInsightTests.xctest; sourceTree = BUILT_PRODUCTS_DIR; };
		82B11FBD2C00CEE200AA312D /* DolphInsightTests.swift */ = {isa = PBXFileReference; lastKnownFileType = sourcecode.swift; path = DolphInsightTests.swift; sourceTree = "<group>"; };
		82B11FC32C00CEE200AA312D /* DolphInsightUITests.xctest */ = {isa = PBXFileReference; explicitFileType = wrapper.cfbundle; includeInIndex = 0; path = DolphInsightUITests.xctest; sourceTree = BUILT_PRODUCTS_DIR; };
		82B11FC72C00CEE200AA312D /* DolphInsightUITests.swift */ = {isa = PBXFileReference; lastKnownFileType = sourcecode.swift; path = DolphInsightUITests.swift; sourceTree = "<group>"; };
		82B11FC92C00CEE200AA312D /* DolphInsightUITestsLaunchTests.swift */ = {isa = PBXFileReference; lastKnownFileType = sourcecode.swift; path = DolphInsightUITestsLaunchTests.swift; sourceTree = "<group>"; };
		82B11FF82C03206600AA312D /* goalsDataScientist.mlmodel */ = {isa = PBXFileReference; lastKnownFileType = file.mlmodel; path = goalsDataScientist.mlmodel; sourceTree = "<group>"; };
		82B11FF92C03206600AA312D /* goalsSoftwareEngineer.mlmodel */ = {isa = PBXFileReference; lastKnownFileType = file.mlmodel; path = goalsSoftwareEngineer.mlmodel; sourceTree = "<group>"; };
		82B11FFA2C03206600AA312D /* modeltaggerml.mlmodel */ = {isa = PBXFileReference; lastKnownFileType = file.mlmodel; path = modeltaggerml.mlmodel; sourceTree = "<group>"; };
		82B11FFE2C03207600AA312D /* CoreMLNavigation.swift */ = {isa = PBXFileReference; lastKnownFileType = sourcecode.swift; path = CoreMLNavigation.swift; sourceTree = "<group>"; };
/* End PBXFileReference section */

/* Begin PBXFrameworksBuildPhase section */
		82B11FA62C00CEE000AA312D /* Frameworks */ = {
			isa = PBXFrameworksBuildPhase;
			buildActionMask = 2147483647;
			files = (
			);
			runOnlyForDeploymentPostprocessing = 0;
		};
		82B11FB62C00CEE200AA312D /* Frameworks */ = {
			isa = PBXFrameworksBuildPhase;
			buildActionMask = 2147483647;
			files = (
			);
			runOnlyForDeploymentPostprocessing = 0;
		};
		82B11FC02C00CEE200AA312D /* Frameworks */ = {
			isa = PBXFrameworksBuildPhase;
			buildActionMask = 2147483647;
			files = (
			);
			runOnlyForDeploymentPostprocessing = 0;
		};
/* End PBXFrameworksBuildPhase section */

/* Begin PBXGroup section */
		82B11FA02C00CEE000AA312D = {
			isa = PBXGroup;
			children = (
				82B11FAB2C00CEE000AA312D /* DolphInsight */,
				82B11FBC2C00CEE200AA312D /* DolphInsightTests */,
				82B11FC62C00CEE200AA312D /* DolphInsightUITests */,
				82B11FAA2C00CEE000AA312D /* Products */,
			);
			sourceTree = "<group>";
		};
		82B11FAA2C00CEE000AA312D /* Products */ = {
			isa = PBXGroup;
			children = (
				82B11FA92C00CEE000AA312D /* DolphInsight.app */,
				82B11FB92C00CEE200AA312D /* DolphInsightTests.xctest */,
				82B11FC32C00CEE200AA312D /* DolphInsightUITests.xctest */,
			);
			name = Products;
			sourceTree = "<group>";
		};
		82B11FAB2C00CEE000AA312D /* DolphInsight */ = {
			isa = PBXGroup;
			children = (
				82B11FF72C03204000AA312D /* View */,
				82B11FF32C031FB200AA312D /* Model */,
				82B11FEF2C031F7400AA312D /* components */,
				82B11FAC2C00CEE000AA312D /* DolphInsightApp.swift */,
				82B11FAE2C00CEE000AA312D /* ContentView.swift */,
				82B11FB02C00CEE200AA312D /* Assets.xcassets */,
				82B11FB22C00CEE200AA312D /* Preview Content */,
			);
			path = DolphInsight;
			sourceTree = "<group>";
		};
		82B11FB22C00CEE200AA312D /* Preview Content */ = {
			isa = PBXGroup;
			children = (
				82B11FB32C00CEE200AA312D /* Preview Assets.xcassets */,
			);
			path = "Preview Content";
			sourceTree = "<group>";
		};
		82B11FBC2C00CEE200AA312D /* DolphInsightTests */ = {
			isa = PBXGroup;
			children = (
				82B11FBD2C00CEE200AA312D /* DolphInsightTests.swift */,
			);
			path = DolphInsightTests;
			sourceTree = "<group>";
		};
		82B11FC62C00CEE200AA312D /* DolphInsightUITests */ = {
			isa = PBXGroup;
			children = (
				82B11FC72C00CEE200AA312D /* DolphInsightUITests.swift */,
				82B11FC92C00CEE200AA312D /* DolphInsightUITestsLaunchTests.swift */,
			);
			path = DolphInsightUITests;
			sourceTree = "<group>";
		};
		82B11FEF2C031F7400AA312D /* components */ = {
			isa = PBXGroup;
			children = (
			);
			path = components;
			sourceTree = "<group>";
		};
		82B11FF02C031F8000AA312D /* CoreML */ = {
			isa = PBXGroup;
			children = (
				82B11FF22C031F9D00AA312D /* CoreMLModel */,
				82B11FF12C031F8C00AA312D /* CoreMLNavigation */,
			);
			path = CoreML;
			sourceTree = "<group>";
		};
		82B11FF12C031F8C00AA312D /* CoreMLNavigation */ = {
			isa = PBXGroup;
			children = (
				82B11FFE2C03207600AA312D /* CoreMLNavigation.swift */,
			);
			path = CoreMLNavigation;
			sourceTree = "<group>";
		};
		82B11FF22C031F9D00AA312D /* CoreMLModel */ = {
			isa = PBXGroup;
			children = (
				82B11FF82C03206600AA312D /* goalsDataScientist.mlmodel */,
				82B11FF92C03206600AA312D /* goalsSoftwareEngineer.mlmodel */,
				82B11FFA2C03206600AA312D /* modeltaggerml.mlmodel */,
			);
			path = CoreMLModel;
			sourceTree = "<group>";
		};
		82B11FF32C031FB200AA312D /* Model */ = {
			isa = PBXGroup;
			children = (
				82B11FF02C031F8000AA312D /* CoreML */,
			);
			path = Model;
			sourceTree = "<group>";
		};
		82B11FF72C03204000AA312D /* View */ = {
			isa = PBXGroup;
			children = (
			);
			path = View;
			sourceTree = "<group>";
		};
/* End PBXGroup section */

/* Begin PBXNativeTarget section */
		82B11FA82C00CEE000AA312D /* DolphInsight */ = {
			isa = PBXNativeTarget;
			buildConfigurationList = 82B11FCD2C00CEE200AA312D /* Build configuration list for PBXNativeTarget "DolphInsight" */;
			buildPhases = (
				82B11FA52C00CEE000AA312D /* Sources */,
				82B11FA62C00CEE000AA312D /* Frameworks */,
				82B11FA72C00CEE000AA312D /* Resources */,
			);
			buildRules = (
			);
			dependencies = (
			);
			name = DolphInsight;
			productName = DolphInsight;
			productReference = 82B11FA92C00CEE000AA312D /* DolphInsight.app */;
			productType = "com.apple.product-type.application";
		};
		82B11FB82C00CEE200AA312D /* DolphInsightTests */ = {
			isa = PBXNativeTarget;
			buildConfigurationList = 82B11FD02C00CEE200AA312D /* Build configuration list for PBXNativeTarget "DolphInsightTests" */;
			buildPhases = (
				82B11FB52C00CEE200AA312D /* Sources */,
				82B11FB62C00CEE200AA312D /* Frameworks */,
				82B11FB72C00CEE200AA312D /* Resources */,
			);
			buildRules = (
			);
			dependencies = (
				82B11FBB2C00CEE200AA312D /* PBXTargetDependency */,
			);
			name = DolphInsightTests;
			productName = DolphInsightTests;
			productReference = 82B11FB92C00CEE200AA312D /* DolphInsightTests.xctest */;
			productType = "com.apple.product-type.bundle.unit-test";
		};
		82B11FC22C00CEE200AA312D /* DolphInsightUITests */ = {
			isa = PBXNativeTarget;
			buildConfigurationList = 82B11FD32C00CEE200AA312D /* Build configuration list for PBXNativeTarget "DolphInsightUITests" */;
			buildPhases = (
				82B11FBF2C00CEE200AA312D /* Sources */,
				82B11FC02C00CEE200AA312D /* Frameworks */,
				82B11FC12C00CEE200AA312D /* Resources */,
			);
			buildRules = (
			);
			dependencies = (
				82B11FC52C00CEE200AA312D /* PBXTargetDependency */,
			);
			name = DolphInsightUITests;
			productName = DolphInsightUITests;
			productReference = 82B11FC32C00CEE200AA312D /* DolphInsightUITests.xctest */;
			productType = "com.apple.product-type.bundle.ui-testing";
		};
/* End PBXNativeTarget section */

/* Begin PBXProject section */
		82B11FA12C00CEE000AA312D /* Project object */ = {
			isa = PBXProject;
			attributes = {
				BuildIndependentTargetsInParallel = 1;
				LastSwiftUpdateCheck = 1520;
				LastUpgradeCheck = 1520;
				TargetAttributes = {
					82B11FA82C00CEE000AA312D = {
						CreatedOnToolsVersion = 15.2;
					};
					82B11FB82C00CEE200AA312D = {
						CreatedOnToolsVersion = 15.2;
						TestTargetID = 82B11FA82C00CEE000AA312D;
					};
					82B11FC22C00CEE200AA312D = {
						CreatedOnToolsVersion = 15.2;
						TestTargetID = 82B11FA82C00CEE000AA312D;
					};
				};
			};
			buildConfigurationList = 82B11FA42C00CEE000AA312D /* Build configuration list for PBXProject "DolphInsight" */;
			compatibilityVersion = "Xcode 14.0";
			developmentRegion = en;
			hasScannedForEncodings = 0;
			knownRegions = (
				en,
				Base,
			);
			mainGroup = 82B11FA02C00CEE000AA312D;
			productRefGroup = 82B11FAA2C00CEE000AA312D /* Products */;
			projectDirPath = "";
			projectRoot = "";
			targets = (
				82B11FA82C00CEE000AA312D /* DolphInsight */,
				82B11FB82C00CEE200AA312D /* DolphInsightTests */,
				82B11FC22C00CEE200AA312D /* DolphInsightUITests */,
			);
		};
/* End PBXProject section */

/* Begin PBXResourcesBuildPhase section */
		82B11FA72C00CEE000AA312D /* Resources */ = {
			isa = PBXResourcesBuildPhase;
			buildActionMask = 2147483647;
			files = (
				82B11FB42C00CEE200AA312D /* Preview Assets.xcassets in Resources */,
				82B11FB12C00CEE200AA312D /* Assets.xcassets in Resources */,
			);
			runOnlyForDeploymentPostprocessing = 0;
		};
		82B11FB72C00CEE200AA312D /* Resources */ = {
			isa = PBXResourcesBuildPhase;
			buildActionMask = 2147483647;
			files = (
			);
			runOnlyForDeploymentPostprocessing = 0;
		};
		82B11FC12C00CEE200AA312D /* Resources */ = {
			isa = PBXResourcesBuildPhase;
			buildActionMask = 2147483647;
			files = (
			);
			runOnlyForDeploymentPostprocessing = 0;
		};
/* End PBXResourcesBuildPhase section */

/* Begin PBXSourcesBuildPhase section */
		82B11FA52C00CEE000AA312D /* Sources */ = {
			isa = PBXSourcesBuildPhase;
			buildActionMask = 2147483647;
			files = (
				82B11FAF2C00CEE000AA312D /* ContentView.swift in Sources */,
				82B11FFF2C03207600AA312D /* CoreMLNavigation.swift in Sources */,
				82B11FFB2C03206600AA312D /* goalsDataScientist.mlmodel in Sources */,
				82B11FAD2C00CEE000AA312D /* DolphInsightApp.swift in Sources */,
				82B11FFC2C03206600AA312D /* goalsSoftwareEngineer.mlmodel in Sources */,
				82B11FFD2C03206600AA312D /* modeltaggerml.mlmodel in Sources */,
			);
			runOnlyForDeploymentPostprocessing = 0;
		};
		82B11FB52C00CEE200AA312D /* Sources */ = {
			isa = PBXSourcesBuildPhase;
			buildActionMask = 2147483647;
			files = (
				82B11FBE2C00CEE200AA312D /* DolphInsightTests.swift in Sources */,
			);
			runOnlyForDeploymentPostprocessing = 0;
		};
		82B11FBF2C00CEE200AA312D /* Sources */ = {
			isa = PBXSourcesBuildPhase;
			buildActionMask = 2147483647;
			files = (
				82B11FC82C00CEE200AA312D /* DolphInsightUITests.swift in Sources */,
				82B11FCA2C00CEE200AA312D /* DolphInsightUITestsLaunchTests.swift in Sources */,
			);
			runOnlyForDeploymentPostprocessing = 0;
		};
/* End PBXSourcesBuildPhase section */

/* Begin PBXTargetDependency section */
		82B11FBB2C00CEE200AA312D /* PBXTargetDependency */ = {
			isa = PBXTargetDependency;
			target = 82B11FA82C00CEE000AA312D /* DolphInsight */;
			targetProxy = 82B11FBA2C00CEE200AA312D /* PBXContainerItemProxy */;
		};
		82B11FC52C00CEE200AA312D /* PBXTargetDependency */ = {
			isa = PBXTargetDependency;
			target = 82B11FA82C00CEE000AA312D /* DolphInsight */;
			targetProxy = 82B11FC42C00CEE200AA312D /* PBXContainerItemProxy */;
		};
/* End PBXTargetDependency section */

/* Begin XCBuildConfiguration section */
		82B11FCB2C00CEE200AA312D /* Debug */ = {
			isa = XCBuildConfiguration;
			buildSettings = {
				ALWAYS_SEARCH_USER_PATHS = NO;
				ASSETCATALOG_COMPILER_GENERATE_SWIFT_ASSET_SYMBOL_EXTENSIONS = YES;
				CLANG_ANALYZER_NONNULL = YES;
				CLANG_ANALYZER_NUMBER_OBJECT_CONVERSION = YES_AGGRESSIVE;
				CLANG_CXX_LANGUAGE_STANDARD = "gnu++20";
				CLANG_ENABLE_MODULES = YES;
				CLANG_ENABLE_OBJC_ARC = YES;
				CLANG_ENABLE_OBJC_WEAK = YES;
				CLANG_WARN_BLOCK_CAPTURE_AUTORELEASING = YES;
				CLANG_WARN_BOOL_CONVERSION = YES;
				CLANG_WARN_COMMA = YES;
				CLANG_WARN_CONSTANT_CONVERSION = YES;
				CLANG_WARN_DEPRECATED_OBJC_IMPLEMENTATIONS = YES;
				CLANG_WARN_DIRECT_OBJC_ISA_USAGE = YES_ERROR;
				CLANG_WARN_DOCUMENTATION_COMMENTS = YES;
				CLANG_WARN_EMPTY_BODY = YES;
				CLANG_WARN_ENUM_CONVERSION = YES;
				CLANG_WARN_INFINITE_RECURSION = YES;
				CLANG_WARN_INT_CONVERSION = YES;
				CLANG_WARN_NON_LITERAL_NULL_CONVERSION = YES;
				CLANG_WARN_OBJC_IMPLICIT_RETAIN_SELF = YES;
				CLANG_WARN_OBJC_LITERAL_CONVERSION = YES;
				CLANG_WARN_OBJC_ROOT_CLASS = YES_ERROR;
				CLANG_WARN_QUOTED_INCLUDE_IN_FRAMEWORK_HEADER = YES;
				CLANG_WARN_RANGE_LOOP_ANALYSIS = YES;
				CLANG_WARN_STRICT_PROTOTYPES = YES;
				CLANG_WARN_SUSPICIOUS_MOVE = YES;
				CLANG_WARN_UNGUARDED_AVAILABILITY = YES_AGGRESSIVE;
				CLANG_WARN_UNREACHABLE_CODE = YES;
				CLANG_WARN__DUPLICATE_METHOD_MATCH = YES;
				COPY_PHASE_STRIP = NO;
				DEBUG_INFORMATION_FORMAT = dwarf;
				ENABLE_STRICT_OBJC_MSGSEND = YES;
				ENABLE_TESTABILITY = YES;
				ENABLE_USER_SCRIPT_SANDBOXING = YES;
				GCC_C_LANGUAGE_STANDARD = gnu17;
				GCC_DYNAMIC_NO_PIC = NO;
				GCC_NO_COMMON_BLOCKS = YES;
				GCC_OPTIMIZATION_LEVEL = 0;
				GCC_PREPROCESSOR_DEFINITIONS = (
					"DEBUG=1",
					"$(inherited)",
				);
				GCC_WARN_64_TO_32_BIT_CONVERSION = YES;
				GCC_WARN_ABOUT_RETURN_TYPE = YES_ERROR;
				GCC_WARN_UNDECLARED_SELECTOR = YES;
				GCC_WARN_UNINITIALIZED_AUTOS = YES_AGGRESSIVE;
				GCC_WARN_UNUSED_FUNCTION = YES;
				GCC_WARN_UNUSED_VARIABLE = YES;
				IPHONEOS_DEPLOYMENT_TARGET = 17.2;
				LOCALIZATION_PREFERS_STRING_CATALOGS = YES;
				MTL_ENABLE_DEBUG_INFO = INCLUDE_SOURCE;
				MTL_FAST_MATH = YES;
				ONLY_ACTIVE_ARCH = YES;
				SDKROOT = iphoneos;
				SWIFT_ACTIVE_COMPILATION_CONDITIONS = "DEBUG $(inherited)";
				SWIFT_OPTIMIZATION_LEVEL = "-Onone";
			};
			name = Debug;
		};
		82B11FCC2C00CEE200AA312D /* Release */ = {
			isa = XCBuildConfiguration;
			buildSettings = {
				ALWAYS_SEARCH_USER_PATHS = NO;
				ASSETCATALOG_COMPILER_GENERATE_SWIFT_ASSET_SYMBOL_EXTENSIONS = YES;
				CLANG_ANALYZER_NONNULL = YES;
				CLANG_ANALYZER_NUMBER_OBJECT_CONVERSION = YES_AGGRESSIVE;
				CLANG_CXX_LANGUAGE_STANDARD = "gnu++20";
				CLANG_ENABLE_MODULES = YES;
				CLANG_ENABLE_OBJC_ARC = YES;
				CLANG_ENABLE_OBJC_WEAK = YES;
				CLANG_WARN_BLOCK_CAPTURE_AUTORELEASING = YES;
				CLANG_WARN_BOOL_CONVERSION = YES;
				CLANG_WARN_COMMA = YES;
				CLANG_WARN_CONSTANT_CONVERSION = YES;
				CLANG_WARN_DEPRECATED_OBJC_IMPLEMENTATIONS = YES;
				CLANG_WARN_DIRECT_OBJC_ISA_USAGE = YES_ERROR;
				CLANG_WARN_DOCUMENTATION_COMMENTS = YES;
				CLANG_WARN_EMPTY_BODY = YES;
				CLANG_WARN_ENUM_CONVERSION = YES;
				CLANG_WARN_INFINITE_RECURSION = YES;
				CLANG_WARN_INT_CONVERSION = YES;
				CLANG_WARN_NON_LITERAL_NULL_CONVERSION = YES;
				CLANG_WARN_OBJC_IMPLICIT_RETAIN_SELF = YES;
				CLANG_WARN_OBJC_LITERAL_CONVERSION = YES;
				CLANG_WARN_OBJC_ROOT_CLASS = YES_ERROR;
				CLANG_WARN_QUOTED_INCLUDE_IN_FRAMEWORK_HEADER = YES;
				CLANG_WARN_RANGE_LOOP_ANALYSIS = YES;
				CLANG_WARN_STRICT_PROTOTYPES = YES;
				CLANG_WARN_SUSPICIOUS_MOVE = YES;
				CLANG_WARN_UNGUARDED_AVAILABILITY = YES_AGGRESSIVE;
				CLANG_WARN_UNREACHABLE_CODE = YES;
				CLANG_WARN__DUPLICATE_METHOD_MATCH = YES;
				COPY_PHASE_STRIP = NO;
				DEBUG_INFORMATION_FORMAT = "dwarf-with-dsym";
				ENABLE_NS_ASSERTIONS = NO;
				ENABLE_STRICT_OBJC_MSGSEND = YES;
				ENABLE_USER_SCRIPT_SANDBOXING = YES;
				GCC_C_LANGUAGE_STANDARD = gnu17;
				GCC_NO_COMMON_BLOCKS = YES;
				GCC_WARN_64_TO_32_BIT_CONVERSION = YES;
				GCC_WARN_ABOUT_RETURN_TYPE = YES_ERROR;
				GCC_WARN_UNDECLARED_SELECTOR = YES;
				GCC_WARN_UNINITIALIZED_AUTOS = YES_AGGRESSIVE;
				GCC_WARN_UNUSED_FUNCTION = YES;
				GCC_WARN_UNUSED_VARIABLE = YES;
				IPHONEOS_DEPLOYMENT_TARGET = 17.2;
				LOCALIZATION_PREFERS_STRING_CATALOGS = YES;
				MTL_ENABLE_DEBUG_INFO = NO;
				MTL_FAST_MATH = YES;
				SDKROOT = iphoneos;
				SWIFT_COMPILATION_MODE = wholemodule;
				VALIDATE_PRODUCT = YES;
			};
			name = Release;
		};
		82B11FCE2C00CEE200AA312D /* Debug */ = {
			isa = XCBuildConfiguration;
			buildSettings = {
				ASSETCATALOG_COMPILER_APPICON_NAME = AppIcon;
				ASSETCATALOG_COMPILER_GLOBAL_ACCENT_COLOR_NAME = AccentColor;
				CODE_SIGN_STYLE = Automatic;
				CURRENT_PROJECT_VERSION = 1;
				DEVELOPMENT_ASSET_PATHS = "\"DolphInsight/Preview Content\"";
				ENABLE_PREVIEWS = YES;
				GENERATE_INFOPLIST_FILE = YES;
				INFOPLIST_KEY_UIApplicationSceneManifest_Generation = YES;
				INFOPLIST_KEY_UIApplicationSupportsIndirectInputEvents = YES;
				INFOPLIST_KEY_UILaunchScreen_Generation = YES;
				INFOPLIST_KEY_UISupportedInterfaceOrientations_iPad = "UIInterfaceOrientationPortrait UIInterfaceOrientationPortraitUpsideDown UIInterfaceOrientationLandscapeLeft UIInterfaceOrientationLandscapeRight";
				INFOPLIST_KEY_UISupportedInterfaceOrientations_iPhone = "UIInterfaceOrientationPortrait UIInterfaceOrientationLandscapeLeft UIInterfaceOrientationLandscapeRight";
				LD_RUNPATH_SEARCH_PATHS = (
					"$(inherited)",
					"@executable_path/Frameworks",
				);
				MARKETING_VERSION = 1.0;
				PRODUCT_BUNDLE_IDENTIFIER = com.mkhalid.DolphInsight;
				PRODUCT_NAME = "$(TARGET_NAME)";
				SWIFT_EMIT_LOC_STRINGS = YES;
				SWIFT_VERSION = 5.0;
				TARGETED_DEVICE_FAMILY = "1,2";
			};
			name = Debug;
		};
		82B11FCF2C00CEE200AA312D /* Release */ = {
			isa = XCBuildConfiguration;
			buildSettings = {
				ASSETCATALOG_COMPILER_APPICON_NAME = AppIcon;
				ASSETCATALOG_COMPILER_GLOBAL_ACCENT_COLOR_NAME = AccentColor;
				CODE_SIGN_STYLE = Automatic;
				CURRENT_PROJECT_VERSION = 1;
				DEVELOPMENT_ASSET_PATHS = "\"DolphInsight/Preview Content\"";
				ENABLE_PREVIEWS = YES;
				GENERATE_INFOPLIST_FILE = YES;
				INFOPLIST_KEY_UIApplicationSceneManifest_Generation = YES;
				INFOPLIST_KEY_UIApplicationSupportsIndirectInputEvents = YES;
				INFOPLIST_KEY_UILaunchScreen_Generation = YES;
				INFOPLIST_KEY_UISupportedInterfaceOrientations_iPad = "UIInterfaceOrientationPortrait UIInterfaceOrientationPortraitUpsideDown UIInterfaceOrientationLandscapeLeft UIInterfaceOrientationLandscapeRight";
				INFOPLIST_KEY_UISupportedInterfaceOrientations_iPhone = "UIInterfaceOrientationPortrait UIInterfaceOrientationLandscapeLeft UIInterfaceOrientationLandscapeRight";
				LD_RUNPATH_SEARCH_PATHS = (
					"$(inherited)",
					"@executable_path/Frameworks",
				);
				MARKETING_VERSION = 1.0;
				PRODUCT_BUNDLE_IDENTIFIER = com.mkhalid.DolphInsight;
				PRODUCT_NAME = "$(TARGET_NAME)";
				SWIFT_EMIT_LOC_STRINGS = YES;
				SWIFT_VERSION = 5.0;
				TARGETED_DEVICE_FAMILY = "1,2";
			};
			name = Release;
		};
		82B11FD12C00CEE200AA312D /* Debug */ = {
			isa = XCBuildConfiguration;
			buildSettings = {
				ALWAYS_EMBED_SWIFT_STANDARD_LIBRARIES = YES;
				BUNDLE_LOADER = "$(TEST_HOST)";
				CODE_SIGN_STYLE = Automatic;
				CURRENT_PROJECT_VERSION = 1;
				GENERATE_INFOPLIST_FILE = YES;
				IPHONEOS_DEPLOYMENT_TARGET = 17.2;
				MARKETING_VERSION = 1.0;
				PRODUCT_BUNDLE_IDENTIFIER = com.mkhalid.DolphInsightTests;
				PRODUCT_NAME = "$(TARGET_NAME)";
				SWIFT_EMIT_LOC_STRINGS = NO;
				SWIFT_VERSION = 5.0;
				TARGETED_DEVICE_FAMILY = "1,2";
				TEST_HOST = "$(BUILT_PRODUCTS_DIR)/DolphInsight.app/$(BUNDLE_EXECUTABLE_FOLDER_PATH)/DolphInsight";
			};
			name = Debug;
		};
		82B11FD22C00CEE200AA312D /* Release */ = {
			isa = XCBuildConfiguration;
			buildSettings = {
				ALWAYS_EMBED_SWIFT_STANDARD_LIBRARIES = YES;
				BUNDLE_LOADER = "$(TEST_HOST)";
				CODE_SIGN_STYLE = Automatic;
				CURRENT_PROJECT_VERSION = 1;
				GENERATE_INFOPLIST_FILE = YES;
				IPHONEOS_DEPLOYMENT_TARGET = 17.2;
				MARKETING_VERSION = 1.0;
				PRODUCT_BUNDLE_IDENTIFIER = com.mkhalid.DolphInsightTests;
				PRODUCT_NAME = "$(TARGET_NAME)";
				SWIFT_EMIT_LOC_STRINGS = NO;
				SWIFT_VERSION = 5.0;
				TARGETED_DEVICE_FAMILY = "1,2";
				TEST_HOST = "$(BUILT_PRODUCTS_DIR)/DolphInsight.app/$(BUNDLE_EXECUTABLE_FOLDER_PATH)/DolphInsight";
			};
			name = Release;
		};
		82B11FD42C00CEE200AA312D /* Debug */ = {
			isa = XCBuildConfiguration;
			buildSettings = {
				ALWAYS_EMBED_SWIFT_STANDARD_LIBRARIES = YES;
				CODE_SIGN_STYLE = Automatic;
				CURRENT_PROJECT_VERSION = 1;
				GENERATE_INFOPLIST_FILE = YES;
				MARKETING_VERSION = 1.0;
				PRODUCT_BUNDLE_IDENTIFIER = com.mkhalid.DolphInsightUITests;
				PRODUCT_NAME = "$(TARGET_NAME)";
				SWIFT_EMIT_LOC_STRINGS = NO;
				SWIFT_VERSION = 5.0;
				TARGETED_DEVICE_FAMILY = "1,2";
				TEST_TARGET_NAME = DolphInsight;
			};
			name = Debug;
		};
		82B11FD52C00CEE200AA312D /* Release */ = {
			isa = XCBuildConfiguration;
			buildSettings = {
				ALWAYS_EMBED_SWIFT_STANDARD_LIBRARIES = YES;
				CODE_SIGN_STYLE = Automatic;
				CURRENT_PROJECT_VERSION = 1;
				GENERATE_INFOPLIST_FILE = YES;
				MARKETING_VERSION = 1.0;
				PRODUCT_BUNDLE_IDENTIFIER = com.mkhalid.DolphInsightUITests;
				PRODUCT_NAME = "$(TARGET_NAME)";
				SWIFT_EMIT_LOC_STRINGS = NO;
				SWIFT_VERSION = 5.0;
				TARGETED_DEVICE_FAMILY = "1,2";
				TEST_TARGET_NAME = DolphInsight;
			};
			name = Release;
		};
/* End XCBuildConfiguration section */

/* Begin XCConfigurationList section */
		82B11FA42C00CEE000AA312D /* Build configuration list for PBXProject "DolphInsight" */ = {
			isa = XCConfigurationList;
			buildConfigurations = (
				82B11FCB2C00CEE200AA312D /* Debug */,
				82B11FCC2C00CEE200AA312D /* Release */,
			);
			defaultConfigurationIsVisible = 0;
			defaultConfigurationName = Release;
		};
		82B11FCD2C00CEE200AA312D /* Build configuration list for PBXNativeTarget "DolphInsight" */ = {
			isa = XCConfigurationList;
			buildConfigurations = (
				82B11FCE2C00CEE200AA312D /* Debug */,
				82B11FCF2C00CEE200AA312D /* Release */,
			);
			defaultConfigurationIsVisible = 0;
			defaultConfigurationName = Release;
		};
		82B11FD02C00CEE200AA312D /* Build configuration list for PBXNativeTarget "DolphInsightTests" */ = {
			isa = XCConfigurationList;
			buildConfigurations = (
				82B11FD12C00CEE200AA312D /* Debug */,
				82B11FD22C00CEE200AA312D /* Release */,
			);
			defaultConfigurationIsVisible = 0;
			defaultConfigurationName = Release;
		};
		82B11FD32C00CEE200AA312D /* Build configuration list for PBXNativeTarget "DolphInsightUITests" */ = {
			isa = XCConfigurationList;
			buildConfigurations = (
				82B11FD42C00CEE200AA312D /* Debug */,
				82B11FD52C00CEE200AA312D /* Release */,
			);
			defaultConfigurationIsVisible = 0;
			defaultConfigurationName = Release;
		};
/* End XCConfigurationList section */
	};
	rootObject = 82B11FA12C00CEE000AA312D /* Project object */;
}
